// !$*UTF8*$!
{
	archiveVersion = 1;
	classes = {
	};
	objectVersion = 56;
	objects = {

/* Begin PBXBuildFile section */
		451C27DB29BB517400C05B45 /* TipCaculatorApp.swift in Sources */ = {isa = PBXBuildFile; fileRef = 451C27DA29BB517400C05B45 /* TipCaculatorApp.swift */; };
		451C27DD29BB517400C05B45 /* ContentView.swift in Sources */ = {isa = PBXBuildFile; fileRef = 451C27DC29BB517400C05B45 /* ContentView.swift */; };
		451C27DF29BB517600C05B45 /* Assets.xcassets in Resources */ = {isa = PBXBuildFile; fileRef = 451C27DE29BB517600C05B45 /* Assets.xcassets */; };
		451C27E229BB517600C05B45 /* Preview Assets.xcassets in Resources */ = {isa = PBXBuildFile; fileRef = 451C27E129BB517600C05B45 /* Preview Assets.xcassets */; };
		451C27EC29BB517600C05B45 /* TipCaculatorTests.swift in Sources */ = {isa = PBXBuildFile; fileRef = 451C27EB29BB517600C05B45 /* TipCaculatorTests.swift */; };
		451C27F629BB517600C05B45 /* TipCaculatorUITests.swift in Sources */ = {isa = PBXBuildFile; fileRef = 451C27F529BB517600C05B45 /* TipCaculatorUITests.swift */; };
		451C27F829BB517600C05B45 /* TipCaculatorUITestsLaunchTests.swift in Sources */ = {isa = PBXBuildFile; fileRef = 451C27F729BB517600C05B45 /* TipCaculatorUITestsLaunchTests.swift */; };
/* End PBXBuildFile section */

/* Begin PBXContainerItemProxy section */
		451C27E829BB517600C05B45 /* PBXContainerItemProxy */ = {
			isa = PBXContainerItemProxy;
			containerPortal = 451C27CF29BB517400C05B45 /* Project object */;
			proxyType = 1;
			remoteGlobalIDString = 451C27D629BB517400C05B45;
			remoteInfo = TipCaculator;
		};
		451C27F229BB517600C05B45 /* PBXContainerItemProxy */ = {
			isa = PBXContainerItemProxy;
			containerPortal = 451C27CF29BB517400C05B45 /* Project object */;
			proxyType = 1;
			remoteGlobalIDString = 451C27D629BB517400C05B45;
			remoteInfo = TipCaculator;
		};
/* End PBXContainerItemProxy section */

/* Begin PBXFileReference section */
		451C27D729BB517400C05B45 /* TipCaculator.app */ = {isa = PBXFileReference; explicitFileType = wrapper.application; includeInIndex = 0; path = TipCaculator.app; sourceTree = BUILT_PRODUCTS_DIR; };
		451C27DA29BB517400C05B45 /* TipCaculatorApp.swift */ = {isa = PBXFileReference; lastKnownFileType = sourcecode.swift; path = TipCaculatorApp.swift; sourceTree = "<group>"; };
		451C27DC29BB517400C05B45 /* ContentView.swift */ = {isa = PBXFileReference; lastKnownFileType = sourcecode.swift; path = ContentView.swift; sourceTree = "<group>"; };
		451C27DE29BB517600C05B45 /* Assets.xcassets */ = {isa = PBXFileReference; lastKnownFileType = folder.assetcatalog; path = Assets.xcassets; sourceTree = "<group>"; };
		451C27E129BB517600C05B45 /* Preview Assets.xcassets */ = {isa = PBXFileReference; lastKnownFileType = folder.assetcatalog; path = "Preview Assets.xcassets"; sourceTree = "<group>"; };
		451C27E729BB517600C05B45 /* TipCaculatorTests.xctest */ = {isa = PBXFileReference; explicitFileType = wrapper.cfbundle; includeInIndex = 0; path = TipCaculatorTests.xctest; sourceTree = BUILT_PRODUCTS_DIR; };
		451C27EB29BB517600C05B45 /* TipCaculatorTests.swift */ = {isa = PBXFileReference; lastKnownFileType = sourcecode.swift; path = TipCaculatorTests.swift; sourceTree = "<group>"; };
		451C27F129BB517600C05B45 /* TipCaculatorUITests.xctest */ = {isa = PBXFileReference; explicitFileType = wrapper.cfbundle; includeInIndex = 0; path = TipCaculatorUITests.xctest; sourceTree = BUILT_PRODUCTS_DIR; };
		451C27F529BB517600C05B45 /* TipCaculatorUITests.swift */ = {isa = PBXFileReference; lastKnownFileType = sourcecode.swift; path = TipCaculatorUITests.swift; sourceTree = "<group>"; };
		451C27F729BB517600C05B45 /* TipCaculatorUITestsLaunchTests.swift */ = {isa = PBXFileReference; lastKnownFileType = sourcecode.swift; path = TipCaculatorUITestsLaunchTests.swift; sourceTree = "<group>"; };
/* End PBXFileReference section */

/* Begin PBXFrameworksBuildPhase section */
		451C27D429BB517400C05B45 /* Frameworks */ = {
			isa = PBXFrameworksBuildPhase;
			buildActionMask = 2147483647;
			files = (
			);
			runOnlyForDeploymentPostprocessing = 0;
		};
		451C27E429BB517600C05B45 /* Frameworks */ = {
			isa = PBXFrameworksBuildPhase;
			buildActionMask = 2147483647;
			files = (
			);
			runOnlyForDeploymentPostprocessing = 0;
		};
		451C27EE29BB517600C05B45 /* Frameworks */ = {
			isa = PBXFrameworksBuildPhase;
			buildActionMask = 2147483647;
			files = (
			);
			runOnlyForDeploymentPostprocessing = 0;
		};
/* End PBXFrameworksBuildPhase section */

/* Begin PBXGroup section */
		451C27CE29BB517400C05B45 = {
			isa = PBXGroup;
			children = (
				451C27D929BB517400C05B45 /* TipCaculator */,
				451C27EA29BB517600C05B45 /* TipCaculatorTests */,
				451C27F429BB517600C05B45 /* TipCaculatorUITests */,
				451C27D829BB517400C05B45 /* Products */,
			);
			sourceTree = "<group>";
		};
		451C27D829BB517400C05B45 /* Products */ = {
			isa = PBXGroup;
			children = (
				451C27D729BB517400C05B45 /* TipCaculator.app */,
				451C27E729BB517600C05B45 /* TipCaculatorTests.xctest */,
				451C27F129BB517600C05B45 /* TipCaculatorUITests.xctest */,
			);
			name = Products;
			sourceTree = "<group>";
		};
		451C27D929BB517400C05B45 /* TipCaculator */ = {
			isa = PBXGroup;
			children = (
				451C27DA29BB517400C05B45 /* TipCaculatorApp.swift */,
				451C27DC29BB517400C05B45 /* ContentView.swift */,
				451C27DE29BB517600C05B45 /* Assets.xcassets */,
				451C27E029BB517600C05B45 /* Preview Content */,
			);
			path = TipCaculator;
			sourceTree = "<group>";
		};
		451C27E029BB517600C05B45 /* Preview Content */ = {
			isa = PBXGroup;
			children = (
				451C27E129BB517600C05B45 /* Preview Assets.xcassets */,
			);
			path = "Preview Content";
			sourceTree = "<group>";
		};
		451C27EA29BB517600C05B45 /* TipCaculatorTests */ = {
			isa = PBXGroup;
			children = (
				451C27EB29BB517600C05B45 /* TipCaculatorTests.swift */,
			);
			path = TipCaculatorTests;
			sourceTree = "<group>";
		};
		451C27F429BB517600C05B45 /* TipCaculatorUITests */ = {
			isa = PBXGroup;
			children = (
				451C27F529BB517600C05B45 /* TipCaculatorUITests.swift */,
				451C27F729BB517600C05B45 /* TipCaculatorUITestsLaunchTests.swift */,
			);
			path = TipCaculatorUITests;
			sourceTree = "<group>";
		};
/* End PBXGroup section */

/* Begin PBXNativeTarget section */
		451C27D629BB517400C05B45 /* TipCaculator */ = {
			isa = PBXNativeTarget;
			buildConfigurationList = 451C27FB29BB517600C05B45 /* Build configuration list for PBXNativeTarget "TipCaculator" */;
			buildPhases = (
				451C27D329BB517400C05B45 /* Sources */,
				451C27D429BB517400C05B45 /* Frameworks */,
				451C27D529BB517400C05B45 /* Resources */,
			);
			buildRules = (
			);
			dependencies = (
			);
			name = TipCaculator;
			productName = TipCaculator;
			productReference = 451C27D729BB517400C05B45 /* TipCaculator.app */;
			productType = "com.apple.product-type.application";
		};
		451C27E629BB517600C05B45 /* TipCaculatorTests */ = {
			isa = PBXNativeTarget;
			buildConfigurationList = 451C27FE29BB517600C05B45 /* Build configuration list for PBXNativeTarget "TipCaculatorTests" */;
			buildPhases = (
				451C27E329BB517600C05B45 /* Sources */,
				451C27E429BB517600C05B45 /* Frameworks */,
				451C27E529BB517600C05B45 /* Resources */,
			);
			buildRules = (
			);
			dependencies = (
				451C27E929BB517600C05B45 /* PBXTargetDependency */,
			);
			name = TipCaculatorTests;
			productName = TipCaculatorTests;
			productReference = 451C27E729BB517600C05B45 /* TipCaculatorTests.xctest */;
			productType = "com.apple.product-type.bundle.unit-test";
		};
		451C27F029BB517600C05B45 /* TipCaculatorUITests */ = {
			isa = PBXNativeTarget;
			buildConfigurationList = 451C280129BB517600C05B45 /* Build configuration list for PBXNativeTarget "TipCaculatorUITests" */;
			buildPhases = (
				451C27ED29BB517600C05B45 /* Sources */,
				451C27EE29BB517600C05B45 /* Frameworks */,
				451C27EF29BB517600C05B45 /* Resources */,
			);
			buildRules = (
			);
			dependencies = (
				451C27F329BB517600C05B45 /* PBXTargetDependency */,
			);
			name = TipCaculatorUITests;
			productName = TipCaculatorUITests;
			productReference = 451C27F129BB517600C05B45 /* TipCaculatorUITests.xctest */;
			productType = "com.apple.product-type.bundle.ui-testing";
		};
/* End PBXNativeTarget section */

/* Begin PBXProject section */
		451C27CF29BB517400C05B45 /* Project object */ = {
			isa = PBXProject;
			attributes = {
				BuildIndependentTargetsInParallel = 1;
				LastSwiftUpdateCheck = 1420;
				LastUpgradeCheck = 1420;
				TargetAttributes = {
					451C27D629BB517400C05B45 = {
						CreatedOnToolsVersion = 14.2;
					};
					451C27E629BB517600C05B45 = {
						CreatedOnToolsVersion = 14.2;
						TestTargetID = 451C27D629BB517400C05B45;
					};
					451C27F029BB517600C05B45 = {
						CreatedOnToolsVersion = 14.2;
						TestTargetID = 451C27D629BB517400C05B45;
					};
				};
			};
			buildConfigurationList = 451C27D229BB517400C05B45 /* Build configuration list for PBXProject "TipCaculator" */;
			compatibilityVersion = "Xcode 14.0";
			developmentRegion = en;
			hasScannedForEncodings = 0;
			knownRegions = (
				en,
				Base,
			);
			mainGroup = 451C27CE29BB517400C05B45;
			productRefGroup = 451C27D829BB517400C05B45 /* Products */;
			projectDirPath = "";
			projectRoot = "";
			targets = (
				451C27D629BB517400C05B45 /* TipCaculator */,
				451C27E629BB517600C05B45 /* TipCaculatorTests */,
				451C27F029BB517600C05B45 /* TipCaculatorUITests */,
			);
		};
/* End PBXProject section */

/* Begin PBXResourcesBuildPhase section */
		451C27D529BB517400C05B45 /* Resources */ = {
			isa = PBXResourcesBuildPhase;
			buildActionMask = 2147483647;
			files = (
				451C27E229BB517600C05B45 /* Preview Assets.xcassets in Resources */,
				451C27DF29BB517600C05B45 /* Assets.xcassets in Resources */,
			);
			runOnlyForDeploymentPostprocessing = 0;
		};
		451C27E529BB517600C05B45 /* Resources */ = {
			isa = PBXResourcesBuildPhase;
			buildActionMask = 2147483647;
			files = (
			);
			runOnlyForDeploymentPostprocessing = 0;
		};
		451C27EF29BB517600C05B45 /* Resources */ = {
			isa = PBXResourcesBuildPhase;
			buildActionMask = 2147483647;
			files = (
			);
			runOnlyForDeploymentPostprocessing = 0;
		};
/* End PBXResourcesBuildPhase section */

/* Begin PBXSourcesBuildPhase section */
		451C27D329BB517400C05B45 /* Sources */ = {
			isa = PBXSourcesBuildPhase;
			buildActionMask = 2147483647;
			files = (
				451C27DD29BB517400C05B45 /* ContentView.swift in Sources */,
				451C27DB29BB517400C05B45 /* TipCaculatorApp.swift in Sources */,
			);
			runOnlyForDeploymentPostprocessing = 0;
		};
		451C27E329BB517600C05B45 /* Sources */ = {
			isa = PBXSourcesBuildPhase;
			buildActionMask = 2147483647;
			files = (
				451C27EC29BB517600C05B45 /* TipCaculatorTests.swift in Sources */,
			);
			runOnlyForDeploymentPostprocessing = 0;
		};
		451C27ED29BB517600C05B45 /* Sources */ = {
			isa = PBXSourcesBuildPhase;
			buildActionMask = 2147483647;
			files = (
				451C27F629BB517600C05B45 /* TipCaculatorUITests.swift in Sources */,
				451C27F829BB517600C05B45 /* TipCaculatorUITestsLaunchTests.swift in Sources */,
			);
			runOnlyForDeploymentPostprocessing = 0;
		};
/* End PBXSourcesBuildPhase section */

/* Begin PBXTargetDependency section */
		451C27E929BB517600C05B45 /* PBXTargetDependency */ = {
			isa = PBXTargetDependency;
			target = 451C27D629BB517400C05B45 /* TipCaculator */;
			targetProxy = 451C27E829BB517600C05B45 /* PBXContainerItemProxy */;
		};
		451C27F329BB517600C05B45 /* PBXTargetDependency */ = {
			isa = PBXTargetDependency;
			target = 451C27D629BB517400C05B45 /* TipCaculator */;
			targetProxy = 451C27F229BB517600C05B45 /* PBXContainerItemProxy */;
		};
/* End PBXTargetDependency section */

/* Begin XCBuildConfiguration section */
		451C27F929BB517600C05B45 /* Debug */ = {
			isa = XCBuildConfiguration;
			buildSettings = {
				ALWAYS_SEARCH_USER_PATHS = NO;
				CLANG_ANALYZER_NONNULL = YES;
				CLANG_ANALYZER_NUMBER_OBJECT_CONVERSION = YES_AGGRESSIVE;
				CLANG_CXX_LANGUAGE_STANDARD = "gnu++20";
				CLANG_ENABLE_MODULES = YES;
				CLANG_ENABLE_OBJC_ARC = YES;
				CLANG_ENABLE_OBJC_WEAK = YES;
				CLANG_WARN_BLOCK_CAPTURE_AUTORELEASING = YES;
				CLANG_WARN_BOOL_CONVERSION = YES;
				CLANG_WARN_COMMA = YES;
				CLANG_WARN_CONSTANT_CONVERSION = YES;
				CLANG_WARN_DEPRECATED_OBJC_IMPLEMENTATIONS = YES;
				CLANG_WARN_DIRECT_OBJC_ISA_USAGE = YES_ERROR;
				CLANG_WARN_DOCUMENTATION_COMMENTS = YES;
				CLANG_WARN_EMPTY_BODY = YES;
				CLANG_WARN_ENUM_CONVERSION = YES;
				CLANG_WARN_INFINITE_RECURSION = YES;
				CLANG_WARN_INT_CONVERSION = YES;
				CLANG_WARN_NON_LITERAL_NULL_CONVERSION = YES;
				CLANG_WARN_OBJC_IMPLICIT_RETAIN_SELF = YES;
				CLANG_WARN_OBJC_LITERAL_CONVERSION = YES;
				CLANG_WARN_OBJC_ROOT_CLASS = YES_ERROR;
				CLANG_WARN_QUOTED_INCLUDE_IN_FRAMEWORK_HEADER = YES;
				CLANG_WARN_RANGE_LOOP_ANALYSIS = YES;
				CLANG_WARN_STRICT_PROTOTYPES = YES;
				CLANG_WARN_SUSPICIOUS_MOVE = YES;
				CLANG_WARN_UNGUARDED_AVAILABILITY = YES_AGGRESSIVE;
				CLANG_WARN_UNREACHABLE_CODE = YES;
				CLANG_WARN__DUPLICATE_METHOD_MATCH = YES;
				COPY_PHASE_STRIP = NO;
				DEBUG_INFORMATION_FORMAT = dwarf;
				ENABLE_STRICT_OBJC_MSGSEND = YES;
				ENABLE_TESTABILITY = YES;
				GCC_C_LANGUAGE_STANDARD = gnu11;
				GCC_DYNAMIC_NO_PIC = NO;
				GCC_NO_COMMON_BLOCKS = YES;
				GCC_OPTIMIZATION_LEVEL = 0;
				GCC_PREPROCESSOR_DEFINITIONS = (
					"DEBUG=1",
					"$(inherited)",
				);
				GCC_WARN_64_TO_32_BIT_CONVERSION = YES;
				GCC_WARN_ABOUT_RETURN_TYPE = YES_ERROR;
				GCC_WARN_UNDECLARED_SELECTOR = YES;
				GCC_WARN_UNINITIALIZED_AUTOS = YES_AGGRESSIVE;
				GCC_WARN_UNUSED_FUNCTION = YES;
				GCC_WARN_UNUSED_VARIABLE = YES;
				IPHONEOS_DEPLOYMENT_TARGET = 16.2;
				MTL_ENABLE_DEBUG_INFO = INCLUDE_SOURCE;
				MTL_FAST_MATH = YES;
				ONLY_ACTIVE_ARCH = YES;
				SDKROOT = iphoneos;
				SWIFT_ACTIVE_COMPILATION_CONDITIONS = DEBUG;
				SWIFT_OPTIMIZATION_LEVEL = "-Onone";
			};
			name = Debug;
		};
		451C27FA29BB517600C05B45 /* Release */ = {
			isa = XCBuildConfiguration;
			buildSettings = {
				ALWAYS_SEARCH_USER_PATHS = NO;
				CLANG_ANALYZER_NONNULL = YES;
				CLANG_ANALYZER_NUMBER_OBJECT_CONVERSION = YES_AGGRESSIVE;
				CLANG_CXX_LANGUAGE_STANDARD = "gnu++20";
				CLANG_ENABLE_MODULES = YES;
				CLANG_ENABLE_OBJC_ARC = YES;
				CLANG_ENABLE_OBJC_WEAK = YES;
				CLANG_WARN_BLOCK_CAPTURE_AUTORELEASING = YES;
				CLANG_WARN_BOOL_CONVERSION = YES;
				CLANG_WARN_COMMA = YES;
				CLANG_WARN_CONSTANT_CONVERSION = YES;
				CLANG_WARN_DEPRECATED_OBJC_IMPLEMENTATIONS = YES;
				CLANG_WARN_DIRECT_OBJC_ISA_USAGE = YES_ERROR;
				CLANG_WARN_DOCUMENTATION_COMMENTS = YES;
				CLANG_WARN_EMPTY_BODY = YES;
				CLANG_WARN_ENUM_CONVERSION = YES;
				CLANG_WARN_INFINITE_RECURSION = YES;
				CLANG_WARN_INT_CONVERSION = YES;
				CLANG_WARN_NON_LITERAL_NULL_CONVERSION = YES;
				CLANG_WARN_OBJC_IMPLICIT_RETAIN_SELF = YES;
				CLANG_WARN_OBJC_LITERAL_CONVERSION = YES;
				CLANG_WARN_OBJC_ROOT_CLASS = YES_ERROR;
				CLANG_WARN_QUOTED_INCLUDE_IN_FRAMEWORK_HEADER = YES;
				CLANG_WARN_RANGE_LOOP_ANALYSIS = YES;
				CLANG_WARN_STRICT_PROTOTYPES = YES;
				CLANG_WARN_SUSPICIOUS_MOVE = YES;
				CLANG_WARN_UNGUARDED_AVAILABILITY = YES_AGGRESSIVE;
				CLANG_WARN_UNREACHABLE_CODE = YES;
				CLANG_WARN__DUPLICATE_METHOD_MATCH = YES;
				COPY_PHASE_STRIP = NO;
				DEBUG_INFORMATION_FORMAT = "dwarf-with-dsym";
				ENABLE_NS_ASSERTIONS = NO;
				ENABLE_STRICT_OBJC_MSGSEND = YES;
				GCC_C_LANGUAGE_STANDARD = gnu11;
				GCC_NO_COMMON_BLOCKS = YES;
				GCC_WARN_64_TO_32_BIT_CONVERSION = YES;
				GCC_WARN_ABOUT_RETURN_TYPE = YES_ERROR;
				GCC_WARN_UNDECLARED_SELECTOR = YES;
				GCC_WARN_UNINITIALIZED_AUTOS = YES_AGGRESSIVE;
				GCC_WARN_UNUSED_FUNCTION = YES;
				GCC_WARN_UNUSED_VARIABLE = YES;
				IPHONEOS_DEPLOYMENT_TARGET = 16.2;
				MTL_ENABLE_DEBUG_INFO = NO;
				MTL_FAST_MATH = YES;
				SDKROOT = iphoneos;
				SWIFT_COMPILATION_MODE = wholemodule;
				SWIFT_OPTIMIZATION_LEVEL = "-O";
				VALIDATE_PRODUCT = YES;
			};
			name = Release;
		};
		451C27FC29BB517600C05B45 /* Debug */ = {
			isa = XCBuildConfiguration;
			buildSettings = {
				ASSETCATALOG_COMPILER_APPICON_NAME = AppIcon;
				ASSETCATALOG_COMPILER_GLOBAL_ACCENT_COLOR_NAME = AccentColor;
				CODE_SIGN_STYLE = Automatic;
				CURRENT_PROJECT_VERSION = 1;
				DEVELOPMENT_ASSET_PATHS = "\"TipCaculator/Preview Content\"";
				DEVELOPMENT_TEAM = 433LH3TNXX;
				ENABLE_PREVIEWS = YES;
				GENERATE_INFOPLIST_FILE = YES;
				INFOPLIST_KEY_UIApplicationSceneManifest_Generation = YES;
				INFOPLIST_KEY_UIApplicationSupportsIndirectInputEvents = YES;
				INFOPLIST_KEY_UILaunchScreen_Generation = YES;
				INFOPLIST_KEY_UISupportedInterfaceOrientations_iPad = "UIInterfaceOrientationPortrait UIInterfaceOrientationPortraitUpsideDown UIInterfaceOrientationLandscapeLeft UIInterfaceOrientationLandscapeRight";
				INFOPLIST_KEY_UISupportedInterfaceOrientations_iPhone = "UIInterfaceOrientationPortrait UIInterfaceOrientationLandscapeLeft UIInterfaceOrientationLandscapeRight";
				LD_RUNPATH_SEARCH_PATHS = (
					"$(inherited)",
					"@executable_path/Frameworks",
				);
				MARKETING_VERSION = 1.0;
				PRODUCT_BUNDLE_IDENTIFIER = com.yeonBlue.TipCaculator;
				PRODUCT_NAME = "$(TARGET_NAME)";
				SWIFT_EMIT_LOC_STRINGS = YES;
				SWIFT_VERSION = 5.0;
				TARGETED_DEVICE_FAMILY = "1,2";
			};
			name = Debug;
		};
		451C27FD29BB517600C05B45 /* Release */ = {
			isa = XCBuildConfiguration;
			buildSettings = {
				ASSETCATALOG_COMPILER_APPICON_NAME = AppIcon;
				ASSETCATALOG_COMPILER_GLOBAL_ACCENT_COLOR_NAME = AccentColor;
				CODE_SIGN_STYLE = Automatic;
				CURRENT_PROJECT_VERSION = 1;
				DEVELOPMENT_ASSET_PATHS = "\"TipCaculator/Preview Content\"";
				DEVELOPMENT_TEAM = 433LH3TNXX;
				ENABLE_PREVIEWS = YES;
				GENERATE_INFOPLIST_FILE = YES;
				INFOPLIST_KEY_UIApplicationSceneManifest_Generation = YES;
				INFOPLIST_KEY_UIApplicationSupportsIndirectInputEvents = YES;
				INFOPLIST_KEY_UILaunchScreen_Generation = YES;
				INFOPLIST_KEY_UISupportedInterfaceOrientations_iPad = "UIInterfaceOrientationPortrait UIInterfaceOrientationPortraitUpsideDown UIInterfaceOrientationLandscapeLeft UIInterfaceOrientationLandscapeRight";
				INFOPLIST_KEY_UISupportedInterfaceOrientations_iPhone = "UIInterfaceOrientationPortrait UIInterfaceOrientationLandscapeLeft UIInterfaceOrientationLandscapeRight";
				LD_RUNPATH_SEARCH_PATHS = (
					"$(inherited)",
					"@executable_path/Frameworks",
				);
				MARKETING_VERSION = 1.0;
				PRODUCT_BUNDLE_IDENTIFIER = com.yeonBlue.TipCaculator;
				PRODUCT_NAME = "$(TARGET_NAME)";
				SWIFT_EMIT_LOC_STRINGS = YES;
				SWIFT_VERSION = 5.0;
				TARGETED_DEVICE_FAMILY = "1,2";
			};
			name = Release;
		};
		451C27FF29BB517600C05B45 /* Debug */ = {
			isa = XCBuildConfiguration;
			buildSettings = {
				ALWAYS_EMBED_SWIFT_STANDARD_LIBRARIES = YES;
				BUNDLE_LOADER = "$(TEST_HOST)";
				CODE_SIGN_STYLE = Automatic;
				CURRENT_PROJECT_VERSION = 1;
				DEVELOPMENT_TEAM = 433LH3TNXX;
				GENERATE_INFOPLIST_FILE = YES;
				IPHONEOS_DEPLOYMENT_TARGET = 16.2;
				MARKETING_VERSION = 1.0;
				PRODUCT_BUNDLE_IDENTIFIER = com.yeonBlue.TipCaculatorTests;
				PRODUCT_NAME = "$(TARGET_NAME)";
				SWIFT_EMIT_LOC_STRINGS = NO;
				SWIFT_VERSION = 5.0;
				TARGETED_DEVICE_FAMILY = "1,2";
				TEST_HOST = "$(BUILT_PRODUCTS_DIR)/TipCaculator.app/$(BUNDLE_EXECUTABLE_FOLDER_PATH)/TipCaculator";
			};
			name = Debug;
		};
		451C280029BB517600C05B45 /* Release */ = {
			isa = XCBuildConfiguration;
			buildSettings = {
				ALWAYS_EMBED_SWIFT_STANDARD_LIBRARIES = YES;
				BUNDLE_LOADER = "$(TEST_HOST)";
				CODE_SIGN_STYLE = Automatic;
				CURRENT_PROJECT_VERSION = 1;
				DEVELOPMENT_TEAM = 433LH3TNXX;
				GENERATE_INFOPLIST_FILE = YES;
				IPHONEOS_DEPLOYMENT_TARGET = 16.2;
				MARKETING_VERSION = 1.0;
				PRODUCT_BUNDLE_IDENTIFIER = com.yeonBlue.TipCaculatorTests;
				PRODUCT_NAME = "$(TARGET_NAME)";
				SWIFT_EMIT_LOC_STRINGS = NO;
				SWIFT_VERSION = 5.0;
				TARGETED_DEVICE_FAMILY = "1,2";
				TEST_HOST = "$(BUILT_PRODUCTS_DIR)/TipCaculator.app/$(BUNDLE_EXECUTABLE_FOLDER_PATH)/TipCaculator";
			};
			name = Release;
		};
		451C280229BB517600C05B45 /* Debug */ = {
			isa = XCBuildConfiguration;
			buildSettings = {
				ALWAYS_EMBED_SWIFT_STANDARD_LIBRARIES = YES;
				CODE_SIGN_STYLE = Automatic;
				CURRENT_PROJECT_VERSION = 1;
				DEVELOPMENT_TEAM = 433LH3TNXX;
				GENERATE_INFOPLIST_FILE = YES;
				MARKETING_VERSION = 1.0;
				PRODUCT_BUNDLE_IDENTIFIER = com.yeonBlue.TipCaculatorUITests;
				PRODUCT_NAME = "$(TARGET_NAME)";
				SWIFT_EMIT_LOC_STRINGS = NO;
				SWIFT_VERSION = 5.0;
				TARGETED_DEVICE_FAMILY = "1,2";
				TEST_TARGET_NAME = TipCaculator;
			};
			name = Debug;
		};
		451C280329BB517600C05B45 /* Release */ = {
			isa = XCBuildConfiguration;
			buildSettings = {
				ALWAYS_EMBED_SWIFT_STANDARD_LIBRARIES = YES;
				CODE_SIGN_STYLE = Automatic;
				CURRENT_PROJECT_VERSION = 1;
				DEVELOPMENT_TEAM = 433LH3TNXX;
				GENERATE_INFOPLIST_FILE = YES;
				MARKETING_VERSION = 1.0;
				PRODUCT_BUNDLE_IDENTIFIER = com.yeonBlue.TipCaculatorUITests;
				PRODUCT_NAME = "$(TARGET_NAME)";
				SWIFT_EMIT_LOC_STRINGS = NO;
				SWIFT_VERSION = 5.0;
				TARGETED_DEVICE_FAMILY = "1,2";
				TEST_TARGET_NAME = TipCaculator;
			};
			name = Release;
		};
/* End XCBuildConfiguration section */

/* Begin XCConfigurationList section */
		451C27D229BB517400C05B45 /* Build configuration list for PBXProject "TipCaculator" */ = {
			isa = XCConfigurationList;
			buildConfigurations = (
				451C27F929BB517600C05B45 /* Debug */,
				451C27FA29BB517600C05B45 /* Release */,
			);
			defaultConfigurationIsVisible = 0;
			defaultConfigurationName = Release;
		};
		451C27FB29BB517600C05B45 /* Build configuration list for PBXNativeTarget "TipCaculator" */ = {
			isa = XCConfigurationList;
			buildConfigurations = (
				451C27FC29BB517600C05B45 /* Debug */,
				451C27FD29BB517600C05B45 /* Release */,
			);
			defaultConfigurationIsVisible = 0;
			defaultConfigurationName = Release;
		};
		451C27FE29BB517600C05B45 /* Build configuration list for PBXNativeTarget "TipCaculatorTests" */ = {
			isa = XCConfigurationList;
			buildConfigurations = (
				451C27FF29BB517600C05B45 /* Debug */,
				451C280029BB517600C05B45 /* Release */,
			);
			defaultConfigurationIsVisible = 0;
			defaultConfigurationName = Release;
		};
		451C280129BB517600C05B45 /* Build configuration list for PBXNativeTarget "TipCaculatorUITests" */ = {
			isa = XCConfigurationList;
			buildConfigurations = (
				451C280229BB517600C05B45 /* Debug */,
				451C280329BB517600C05B45 /* Release */,
			);
			defaultConfigurationIsVisible = 0;
			defaultConfigurationName = Release;
		};
/* End XCConfigurationList section */
	};
	rootObject = 451C27CF29BB517400C05B45 /* Project object */;
}
